
Microsoft Visual Studio Solution File, Format Version 12.00
# Visual Studio Version 17
VisualStudioVersion = 17.14.36301.6
MinimumVisualStudioVersion = 10.0.40219.1
Project("{9A19103F-16F7-4668-BE54-9A1E7A4F7556}") = "OLC.Web.UI", "OLC.Web.UI\OLC.Web.UI.csproj", "{34F9564B-B503-4A14-9183-CB78F9112598}"
EndProject
Project("{9A19103F-16F7-4668-BE54-9A1E7A4F7556}") = "OLC.Web.API", "OLC.Web.API\OLC.Web.API.csproj", "{6090B03C-E46C-4426-BCC2-71A84A458712}"
EndProject
Project("{00D1A9C2-B5F0-4AF3-8072-F6C62B433612}") = "OLC.Web.DB", "OLC.Web.DB\OLC.Web.DB.sqlproj", "{26FD21AB-15C2-47B6-AD8D-77C8AD78BACE}"
EndProject
Project("{9A19103F-16F7-4668-BE54-9A1E7A4F7556}") = "OLC.Web.Email.Service", "OLC.Web.Email.Service\OLC.Web.Email.Service.csproj", "{8ADA5515-AAB9-4165-A158-C14D709E5CF7}"
EndProject
Project("{9A19103F-16F7-4668-BE54-9A1E7A4F7556}") = "OLC.Web.Sms.Service", "OLC.Web.Sms.Service\OLC.Web.Sms.Service.csproj", "{8FA0C129-D530-4BD4-ADED-3713D8FFCC16}"
EndProject
Project("{FAE04EC0-301F-11D3-BF4B-00C04F79EFBC}") = "OLC.Web.Job", "OLC.Web.Job\OLC.Web.Job.csproj", "{17EE4D57-0422-4518-9291-40CC26282D31}"
EndProject
Project("{FAE04EC0-301F-11D3-BF4B-00C04F79EFBC}") = "OLC.Web.API.Models", "OLC.Web.API.Model\OLC.Web.API.Models.csproj", "{B5F36601-8CDB-457A-8DB4-52152BD6BEAE}"
EndProject
Project("{FAE04EC0-301F-11D3-BF4B-00C04F79EFBC}") = "OLC.Web.API.Manager", "OLC.Web.API.Manager\OLC.Web.API.Manager.csproj", "{CEC77CFB-76ED-4B51-8701-71D1D7D06246}"
EndProject
Project("{FAE04EC0-301F-11D3-BF4B-00C04F79EFBC}") = "OLC.Web.API.Helpers", "OLC.Web.API.Helpers\OLC.Web.API.Helpers.csproj", "{B86490BA-169B-4404-8757-62AC7DFF152E}"
EndProject
Project("{FAE04EC0-301F-11D3-BF4B-00C04F79EFBC}") = "OLC.Web.API.Tests", "OLC.Web.API.Tests\OLC.Web.API.Tests.csproj", "{735CAF95-9B73-421E-8A89-A3A8021D125B}"
EndProject
Project("{FAE04EC0-301F-11D3-BF4B-00C04F79EFBC}") = "OLC.Web.UI.Tests", "OLC.Web.UI.Tests\OLC.Web.UI.Tests.csproj", "{FDC97F9B-078D-4055-8192-DD21C1077800}"
EndProject
Global
	GlobalSection(SolutionConfigurationPlatforms) = preSolution
		Debug|Any CPU = Debug|Any CPU
		Release|Any CPU = Release|Any CPU
	EndGlobalSection
	GlobalSection(ProjectConfigurationPlatforms) = postSolution
		{34F9564B-B503-4A14-9183-CB78F9112598}.Debug|Any CPU.ActiveCfg = Debug|Any CPU
		{34F9564B-B503-4A14-9183-CB78F9112598}.Debug|Any CPU.Build.0 = Debug|Any CPU
		{34F9564B-B503-4A14-9183-CB78F9112598}.Release|Any CPU.ActiveCfg = Release|Any CPU
		{34F9564B-B503-4A14-9183-CB78F9112598}.Release|Any CPU.Build.0 = Release|Any CPU
		{6090B03C-E46C-4426-BCC2-71A84A458712}.Debug|Any CPU.ActiveCfg = Debug|Any CPU
		{6090B03C-E46C-4426-BCC2-71A84A458712}.Debug|Any CPU.Build.0 = Debug|Any CPU
		{6090B03C-E46C-4426-BCC2-71A84A458712}.Release|Any CPU.ActiveCfg = Release|Any CPU
		{6090B03C-E46C-4426-BCC2-71A84A458712}.Release|Any CPU.Build.0 = Release|Any CPU
		{26FD21AB-15C2-47B6-AD8D-77C8AD78BACE}.Debug|Any CPU.ActiveCfg = Debug|Any CPU
		{26FD21AB-15C2-47B6-AD8D-77C8AD78BACE}.Debug|Any CPU.Build.0 = Debug|Any CPU
		{26FD21AB-15C2-47B6-AD8D-77C8AD78BACE}.Debug|Any CPU.Deploy.0 = Debug|Any CPU
		{26FD21AB-15C2-47B6-AD8D-77C8AD78BACE}.Release|Any CPU.ActiveCfg = Release|Any CPU
		{26FD21AB-15C2-47B6-AD8D-77C8AD78BACE}.Release|Any CPU.Build.0 = Release|Any CPU
		{26FD21AB-15C2-47B6-AD8D-77C8AD78BACE}.Release|Any CPU.Deploy.0 = Release|Any CPU
		{8ADA5515-AAB9-4165-A158-C14D709E5CF7}.Debug|Any CPU.ActiveCfg = Debug|Any CPU
		{8ADA5515-AAB9-4165-A158-C14D709E5CF7}.Debug|Any CPU.Build.0 = Debug|Any CPU
		{8ADA5515-AAB9-4165-A158-C14D709E5CF7}.Release|Any CPU.ActiveCfg = Release|Any CPU
		{8ADA5515-AAB9-4165-A158-C14D709E5CF7}.Release|Any CPU.Build.0 = Release|Any CPU
		{8FA0C129-D530-4BD4-ADED-3713D8FFCC16}.Debug|Any CPU.ActiveCfg = Debug|Any CPU
		{8FA0C129-D530-4BD4-ADED-3713D8FFCC16}.Debug|Any CPU.Build.0 = Debug|Any CPU
		{8FA0C129-D530-4BD4-ADED-3713D8FFCC16}.Release|Any CPU.ActiveCfg = Release|Any CPU
		{8FA0C129-D530-4BD4-ADED-3713D8FFCC16}.Release|Any CPU.Build.0 = Release|Any CPU
		{17EE4D57-0422-4518-9291-40CC26282D31}.Debug|Any CPU.ActiveCfg = Debug|Any CPU
		{17EE4D57-0422-4518-9291-40CC26282D31}.Debug|Any CPU.Build.0 = Debug|Any CPU
		{17EE4D57-0422-4518-9291-40CC26282D31}.Release|Any CPU.ActiveCfg = Release|Any CPU
		{17EE4D57-0422-4518-9291-40CC26282D31}.Release|Any CPU.Build.0 = Release|Any CPU
		{B5F36601-8CDB-457A-8DB4-52152BD6BEAE}.Debug|Any CPU.ActiveCfg = Debug|Any CPU
		{B5F36601-8CDB-457A-8DB4-52152BD6BEAE}.Debug|Any CPU.Build.0 = Debug|Any CPU
		{B5F36601-8CDB-457A-8DB4-52152BD6BEAE}.Release|Any CPU.ActiveCfg = Release|Any CPU
		{B5F36601-8CDB-457A-8DB4-52152BD6BEAE}.Release|Any CPU.Build.0 = Release|Any CPU
		{CEC77CFB-76ED-4B51-8701-71D1D7D06246}.Debug|Any CPU.ActiveCfg = Debug|Any CPU
		{CEC77CFB-76ED-4B51-8701-71D1D7D06246}.Debug|Any CPU.Build.0 = Debug|Any CPU
		{CEC77CFB-76ED-4B51-8701-71D1D7D06246}.Release|Any CPU.ActiveCfg = Release|Any CPU
		{CEC77CFB-76ED-4B51-8701-71D1D7D06246}.Release|Any CPU.Build.0 = Release|Any CPU
		{B86490BA-169B-4404-8757-62AC7DFF152E}.Debug|Any CPU.ActiveCfg = Debug|Any CPU
		{B86490BA-169B-4404-8757-62AC7DFF152E}.Debug|Any CPU.Build.0 = Debug|Any CPU
		{B86490BA-169B-4404-8757-62AC7DFF152E}.Release|Any CPU.ActiveCfg = Release|Any CPU
		{B86490BA-169B-4404-8757-62AC7DFF152E}.Release|Any CPU.Build.0 = Release|Any CPU
		{735CAF95-9B73-421E-8A89-A3A8021D125B}.Debug|Any CPU.ActiveCfg = Debug|Any CPU
		{735CAF95-9B73-421E-8A89-A3A8021D125B}.Debug|Any CPU.Build.0 = Debug|Any CPU
		{735CAF95-9B73-421E-8A89-A3A8021D125B}.Release|Any CPU.ActiveCfg = Release|Any CPU
		{735CAF95-9B73-421E-8A89-A3A8021D125B}.Release|Any CPU.Build.0 = Release|Any CPU
		{FDC97F9B-078D-4055-8192-DD21C1077800}.Debug|Any CPU.ActiveCfg = Debug|Any CPU
		{FDC97F9B-078D-4055-8192-DD21C1077800}.Debug|Any CPU.Build.0 = Debug|Any CPU
		{FDC97F9B-078D-4055-8192-DD21C1077800}.Release|Any CPU.ActiveCfg = Release|Any CPU
		{FDC97F9B-078D-4055-8192-DD21C1077800}.Release|Any CPU.Build.0 = Release|Any CPU
	EndGlobalSection
	GlobalSection(SolutionProperties) = preSolution
		HideSolutionNode = FALSE
	EndGlobalSection
	GlobalSection(ExtensibilityGlobals) = postSolution
		SolutionGuid = {B91CC242-9245-4057-A462-5E71E9148844}
	EndGlobalSection
EndGlobal
